
Microsoft Visual Studio Solution File, Format Version 12.00
Project("{FAE04EC0-301F-11D3-BF4B-00C04F79EFBC}") = "ExposureAPI", "ExposureAPI.csproj", "{FF949242-302A-4E41-A26B-E426E098658E}"
EndProject
Global
	GlobalSection(SolutionConfigurationPlatforms) = preSolution
		Debug|Any CPU = Debug|Any CPU
		Release|Any CPU = Release|Any CPU
	EndGlobalSection
	GlobalSection(ProjectConfigurationPlatforms) = postSolution
		{FF949242-302A-4E41-A26B-E426E098658E}.Debug|Any CPU.ActiveCfg = Debug|Any CPU
		{FF949242-302A-4E41-A26B-E426E098658E}.Debug|Any CPU.Build.0 = Debug|Any CPU
		{FF949242-302A-4E41-A26B-E426E098658E}.Release|Any CPU.ActiveCfg = Release|Any CPU
		{FF949242-302A-4E41-A26B-E426E098658E}.Release|Any CPU.Build.0 = Release|Any CPU
	EndGlobalSection
EndGlobal
